
Microsoft Visual Studio Solution File, Format Version 12.00
# Visual Studio Version 16
VisualStudioVersion = 16.0.29519.87
MinimumVisualStudioVersion = 10.0.40219.1
Project("{9A19103F-16F7-4668-BE54-9A1E7A4F7556}") = "EU.HelloWorld", "EU.HelloWorld\EU.HelloWorld.csproj", "{23622F0F-DF89-455C-AFE9-C886494F50C0}"
EndProject
Project("{9A19103F-16F7-4668-BE54-9A1E7A4F7556}") = "Common", "Common\Common.csproj", "{FE0CBE4F-0233-4D2C-8F68-5125AA3024E4}"
EndProject
Project("{FAE04EC0-301F-11D3-BF4B-00C04F79EFBC}") = "UtilitiesHandler", "UtilitiesHandler\UtilitiesHandler.csproj", "{0FC3FD73-2F7F-4FD1-8271-36575E543483}"
EndProject
Project("{FAE04EC0-301F-11D3-BF4B-00C04F79EFBC}") = "EU.DeleteOutputFolder", "EU.DeleteOutputFolder\EU.DeleteOutputFolder.csproj", "{8183EC39-FD6C-4CBB-8EE8-80CBBF656F05}"
EndProject
Project("{FAE04EC0-301F-11D3-BF4B-00C04F79EFBC}") = "EU.DropDatabase", "EU.DropDatabase\EU.DropDatabase.csproj", "{AA2C8754-BB50-45F7-8280-E6C6340CF328}"
EndProject
Project("{FAE04EC0-301F-11D3-BF4B-00C04F79EFBC}") = "EU.CreateDemoDataStatus", "EU.CreateDemoDataStatus\EU.CreateDemoDataStatus.csproj", "{DA5F2F29-AC16-4B33-A4FF-F6049DBC4BF8}"
EndProject
Project("{FAE04EC0-301F-11D3-BF4B-00C04F79EFBC}") = "EU.DeleteFolder", "EU.DeleteFolder\EU.DeleteFolder.csproj", "{B014FA87-8FCE-4666-9AA8-3018E9514200}"
EndProject
Project("{FAE04EC0-301F-11D3-BF4B-00C04F79EFBC}") = "EU.ModelDesignerActions", "UI.ModelDesignerActions\EU.ModelDesignerActions.csproj", "{7949A309-4E8D-4B66-AEAE-C73443B2805E}"
EndProject
Project("{FAE04EC0-301F-11D3-BF4B-00C04F79EFBC}") = "EU.DeleteCache", "UI.DeleteCache\EU.DeleteCache.csproj", "{EB4A41BF-320F-42D1-B908-497C13047F32}"
EndProject
Global
	GlobalSection(SolutionConfigurationPlatforms) = preSolution
		Debug|Any CPU = Debug|Any CPU
		Release|Any CPU = Release|Any CPU
	EndGlobalSection
	GlobalSection(ProjectConfigurationPlatforms) = postSolution
		{23622F0F-DF89-455C-AFE9-C886494F50C0}.Debug|Any CPU.ActiveCfg = Debug|Any CPU
		{23622F0F-DF89-455C-AFE9-C886494F50C0}.Debug|Any CPU.Build.0 = Debug|Any CPU
		{23622F0F-DF89-455C-AFE9-C886494F50C0}.Release|Any CPU.ActiveCfg = Release|Any CPU
		{23622F0F-DF89-455C-AFE9-C886494F50C0}.Release|Any CPU.Build.0 = Release|Any CPU
		{FE0CBE4F-0233-4D2C-8F68-5125AA3024E4}.Debug|Any CPU.ActiveCfg = Debug|Any CPU
		{FE0CBE4F-0233-4D2C-8F68-5125AA3024E4}.Debug|Any CPU.Build.0 = Debug|Any CPU
		{FE0CBE4F-0233-4D2C-8F68-5125AA3024E4}.Release|Any CPU.ActiveCfg = Release|Any CPU
		{FE0CBE4F-0233-4D2C-8F68-5125AA3024E4}.Release|Any CPU.Build.0 = Release|Any CPU
		{0FC3FD73-2F7F-4FD1-8271-36575E543483}.Debug|Any CPU.ActiveCfg = Debug|Any CPU
		{0FC3FD73-2F7F-4FD1-8271-36575E543483}.Debug|Any CPU.Build.0 = Debug|Any CPU
		{0FC3FD73-2F7F-4FD1-8271-36575E543483}.Release|Any CPU.ActiveCfg = Release|Any CPU
		{0FC3FD73-2F7F-4FD1-8271-36575E543483}.Release|Any CPU.Build.0 = Release|Any CPU
		{8183EC39-FD6C-4CBB-8EE8-80CBBF656F05}.Debug|Any CPU.ActiveCfg = Debug|Any CPU
		{8183EC39-FD6C-4CBB-8EE8-80CBBF656F05}.Debug|Any CPU.Build.0 = Debug|Any CPU
		{8183EC39-FD6C-4CBB-8EE8-80CBBF656F05}.Release|Any CPU.ActiveCfg = Release|Any CPU
		{8183EC39-FD6C-4CBB-8EE8-80CBBF656F05}.Release|Any CPU.Build.0 = Release|Any CPU
		{AA2C8754-BB50-45F7-8280-E6C6340CF328}.Debug|Any CPU.ActiveCfg = Debug|Any CPU
		{AA2C8754-BB50-45F7-8280-E6C6340CF328}.Debug|Any CPU.Build.0 = Debug|Any CPU
		{AA2C8754-BB50-45F7-8280-E6C6340CF328}.Release|Any CPU.ActiveCfg = Release|Any CPU
		{AA2C8754-BB50-45F7-8280-E6C6340CF328}.Release|Any CPU.Build.0 = Release|Any CPU
		{DA5F2F29-AC16-4B33-A4FF-F6049DBC4BF8}.Debug|Any CPU.ActiveCfg = Debug|Any CPU
		{DA5F2F29-AC16-4B33-A4FF-F6049DBC4BF8}.Debug|Any CPU.Build.0 = Debug|Any CPU
		{DA5F2F29-AC16-4B33-A4FF-F6049DBC4BF8}.Release|Any CPU.ActiveCfg = Release|Any CPU
		{DA5F2F29-AC16-4B33-A4FF-F6049DBC4BF8}.Release|Any CPU.Build.0 = Release|Any CPU
		{B014FA87-8FCE-4666-9AA8-3018E9514200}.Debug|Any CPU.ActiveCfg = Debug|Any CPU
		{B014FA87-8FCE-4666-9AA8-3018E9514200}.Debug|Any CPU.Build.0 = Debug|Any CPU
		{B014FA87-8FCE-4666-9AA8-3018E9514200}.Release|Any CPU.ActiveCfg = Release|Any CPU
		{B014FA87-8FCE-4666-9AA8-3018E9514200}.Release|Any CPU.Build.0 = Release|Any CPU
		{7949A309-4E8D-4B66-AEAE-C73443B2805E}.Debug|Any CPU.ActiveCfg = Debug|Any CPU
		{7949A309-4E8D-4B66-AEAE-C73443B2805E}.Debug|Any CPU.Build.0 = Debug|Any CPU
		{7949A309-4E8D-4B66-AEAE-C73443B2805E}.Release|Any CPU.ActiveCfg = Release|Any CPU
		{7949A309-4E8D-4B66-AEAE-C73443B2805E}.Release|Any CPU.Build.0 = Release|Any CPU
		{EB4A41BF-320F-42D1-B908-497C13047F32}.Debug|Any CPU.ActiveCfg = Debug|Any CPU
		{EB4A41BF-320F-42D1-B908-497C13047F32}.Debug|Any CPU.Build.0 = Debug|Any CPU
		{EB4A41BF-320F-42D1-B908-497C13047F32}.Release|Any CPU.ActiveCfg = Release|Any CPU
		{EB4A41BF-320F-42D1-B908-497C13047F32}.Release|Any CPU.Build.0 = Release|Any CPU
	EndGlobalSection
	GlobalSection(SolutionProperties) = preSolution
		HideSolutionNode = FALSE
	EndGlobalSection
	GlobalSection(ExtensibilityGlobals) = postSolution
		SolutionGuid = {B9CBA46F-723D-4853-9AF9-CAF110DA7A22}
	EndGlobalSection
EndGlobal
